
Microsoft Visual Studio Solution File, Format Version 12.00
# Visual Studio Version 17
VisualStudioVersion = 17.8.34511.84
MinimumVisualStudioVersion = 10.0.40219.1
Project("{FAE04EC0-301F-11D3-BF4B-00C04F79EFBC}") = "Marketplace", "Marketplace\Marketplace.csproj", "{D68F3CCD-3CDD-4C81-9AB4-0F158799DFAA}"
EndProject
Project("{FAE04EC0-301F-11D3-BF4B-00C04F79EFBC}") = "Marketplace.Tests", "Marketplace.Tests\Marketplace.Tests.csproj", "{7EE0402A-46F2-4C3A-8F73-21DC905775FE}"
EndProject
Global
	GlobalSection(SolutionConfigurationPlatforms) = preSolution
		Debug|Any CPU = Debug|Any CPU
		Release|Any CPU = Release|Any CPU
	EndGlobalSection
	GlobalSection(ProjectConfigurationPlatforms) = postSolution
		{D68F3CCD-3CDD-4C81-9AB4-0F158799DFAA}.Debug|Any CPU.ActiveCfg = Debug|Any CPU
		{D68F3CCD-3CDD-4C81-9AB4-0F158799DFAA}.Debug|Any CPU.Build.0 = Debug|Any CPU
		{D68F3CCD-3CDD-4C81-9AB4-0F158799DFAA}.Release|Any CPU.ActiveCfg = Release|Any CPU
		{D68F3CCD-3CDD-4C81-9AB4-0F158799DFAA}.Release|Any CPU.Build.0 = Release|Any CPU
		{7EE0402A-46F2-4C3A-8F73-21DC905775FE}.Debug|Any CPU.ActiveCfg = Debug|Any CPU
		{7EE0402A-46F2-4C3A-8F73-21DC905775FE}.Debug|Any CPU.Build.0 = Debug|Any CPU
		{7EE0402A-46F2-4C3A-8F73-21DC905775FE}.Release|Any CPU.ActiveCfg = Release|Any CPU
		{7EE0402A-46F2-4C3A-8F73-21DC905775FE}.Release|Any CPU.Build.0 = Release|Any CPU
	EndGlobalSection
	GlobalSection(SolutionProperties) = preSolution
		HideSolutionNode = FALSE
	EndGlobalSection
	GlobalSection(ExtensibilityGlobals) = postSolution
		SolutionGuid = {66BE9AAA-45AB-4CE0-9847-178D2827031A}
	EndGlobalSection
EndGlobal
